<?xml version="1.0" encoding="utf-8"?>
<Project ToolsVersion="4.0" xmlns="http://schemas.microsoft.com/developer/msbuild/2003">
  <ItemGroup>
    <Filter Include="Source Files">
      <UniqueIdentifier>{4FC737F1-C7A5-4376-A066-2A32D752A2FF}</UniqueIdentifier>
      <Extensions>cpp;c;cc;cxx;def;odl;idl;hpj;bat;asm;asmx</Extensions>
    </Filter>
    <Filter Include="Header Files">
      <UniqueIdentifier>{93995380-89BD-4b04-88EB-625FBE52EBFB}</UniqueIdentifier>
      <Extensions>h;hh;hpp;hxx;hm;inl;inc;xsd</Extensions>
    </Filter>
    <Filter Include="Resource Files">
      <UniqueIdentifier>{67DA6AB6-F800-4c08-8B7A-83BB121AAD01}</UniqueIdentifier>
      <Extensions>rc;ico;cur;bmp;dlg;rc2;rct;bin;rgs;gif;jpg;jpeg;jpe;resx;tiff;tif;png;wav;mfcribbon-ms</Extensions>
    </Filter>
    <Filter Include="Header Files\Math">
      <UniqueIdentifier>{ad42ee80-d434-4811-a72d-421b5a884fc5}</UniqueIdentifier>
      <Extensions>*Math\*</Extensions>
    </Filter>
    <Filter Include="Source Files\Math">
      <UniqueIdentifier>{4d0b15c0-0f54-4b17-9243-2d2e5a4b927d}</UniqueIdentifier>
    </Filter>
    <Filter Include="Shaders">
      <UniqueIdentifier>{d5c75912-e815-4cd1-a01e-7886af204620}</UniqueIdentifier>
      <Extensions>.glsl</Extensions>
    </Filter>
    <Filter Include="Header Files\Exceptions">
      <UniqueIdentifier>{d6ab1264-7a23-4f15-8ebc-992bc5859577}</UniqueIdentifier>
    </Filter>
    <Filter Include="Source Files\Resources">
      <UniqueIdentifier>{3fbecc2f-57b0-4e02-8f8e-c60ec73c311f}</UniqueIdentifier>
    </Filter>
    <Filter Include="Header Files\Resources">
      <UniqueIdentifier>{0ec60f55-0ff0-474d-aa21-3ddf1463f810}</UniqueIdentifier>
    </Filter>
  </ItemGroup>
  <ItemGroup>
    <Text Include="ReadMe.txt" />
    <Text Include="Shaders\quad2d_1btex_frag.glsl">
      <Filter>Header Files</Filter>
    </Text>
    <Text Include="Shaders\deffered\LightCalcFragm.glsl">
      <Filter>Shaders</Filter>
    </Text>
  </ItemGroup>
  <ItemGroup>
    <ClInclude Include="Include\CobMath.h">
      <Filter>Header Files</Filter>
    </ClInclude>
    <ClInclude Include="stdafx.h">
      <Filter>Header Files</Filter>
    </ClInclude>
    <ClInclude Include="targetver.h">
      <Filter>Header Files</Filter>
    </ClInclude>
    <ClInclude Include="Include\Math\Matrix.h">
      <Filter>Header Files\Math</Filter>
    </ClInclude>
    <ClInclude Include="Include\Math\Quaterion.h">
      <Filter>Header Files\Math</Filter>
    </ClInclude>
    <ClInclude Include="Include\Math\Vec.h">
      <Filter>Header Files\Math</Filter>
    </ClInclude>
    <ClInclude Include="Include\Logger.h">
      <Filter>Header Files</Filter>
    </ClInclude>
    <ClInclude Include="Include\ControllerRec.h">
      <Filter>Header Files</Filter>
    </ClInclude>
    <ClInclude Include="Include\Exceptions\IOException.h">
      <Filter>Header Files\Exceptions</Filter>
    </ClInclude>
    <ClInclude Include="Include\Exceptions\MissingResourceException.h">
      <Filter>Header Files\Exceptions</Filter>
    </ClInclude>
    <ClInclude Include="Include\WindowGL.h">
      <Filter>Header Files</Filter>
    </ClInclude>
    <ClInclude Include="Include\SkyBox.h">
      <Filter>Header Files</Filter>
    </ClInclude>
    <ClInclude Include="Include\Billboard.h">
      <Filter>Header Files</Filter>
    </ClInclude>
    <ClInclude Include="Include\Resources\Mesh.h">
      <Filter>Header Files\Resources</Filter>
    </ClInclude>
    <ClInclude Include="Include\Resources\Resource.h">
      <Filter>Header Files\Resources</Filter>
    </ClInclude>
    <ClInclude Include="Include\Resources\ModelLoader.h">
      <Filter>Header Files\Resources</Filter>
    </ClInclude>
    <ClInclude Include="Include\Resources\Material.h">
      <Filter>Header Files</Filter>
    </ClInclude>
    <ClInclude Include="Include\Resources\Texture.h">
      <Filter>Header Files\Resources</Filter>
    </ClInclude>
    <ClInclude Include="Include\Resources\TextureType.h">
      <Filter>Header Files</Filter>
    </ClInclude>
    <ClInclude Include="Include\Resources\ShaderProgram.h">
      <Filter>Header Files\Resources</Filter>
    </ClInclude>
    <ClInclude Include="Include\Resources\ResourcesManager.h">
      <Filter>Header Files</Filter>
    </ClInclude>
    <ClInclude Include="Include\Singleton.h">
      <Filter>Header Files</Filter>
    </ClInclude>
    <ClInclude Include="Include\Quad2D.h">
      <Filter>Header Files</Filter>
    </ClInclude>
    <ClInclude Include="Include\Particles\ParticleContainer.h">
      <Filter>Header Files</Filter>
    </ClInclude>
    <ClInclude Include="Include\GLUtils.h">
      <Filter>Header Files</Filter>
    </ClInclude>
    <ClInclude Include="Include\Resources\Texture2D.h">
      <Filter>Header Files</Filter>
    </ClInclude>
    <ClInclude Include="Include\Geometry\Plane.h">
      <Filter>Header Files</Filter>
    </ClInclude>
    <ClInclude Include="Include\Viewport.h">
      <Filter>Header Files</Filter>
    </ClInclude>
    <ClInclude Include="Include\Math\ConstMath.h">
      <Filter>Header Files</Filter>
    </ClInclude>
    <ClInclude Include="Include\Exceptions\UnknownImageFormat.h">
      <Filter>Header Files</Filter>
    </ClInclude>
    <ClInclude Include="Include\TimeMeasure.h">
      <Filter>Header Files</Filter>
    </ClInclude>
    <ClInclude Include="Include\PhongShader.h">
      <Filter>Header Files</Filter>
    </ClInclude>
    <ClInclude Include="Include\GBuffer.h">
      <Filter>Header Files</Filter>
    </ClInclude>
    <ClInclude Include="Billboard.h">
      <Filter>Header Files</Filter>
    </ClInclude>
    <ClInclude Include="Include\Grass\GrassBlade.h">
      <Filter>Header Files</Filter>
    </ClInclude>
    <ClInclude Include="Include\Scene\LightManager.h">
      <Filter>Header Files</Filter>
    </ClInclude>
    <ClInclude Include="Include\Scene\SceneObject.h">
      <Filter>Header Files</Filter>
    </ClInclude>
    <ClInclude Include="Include\Scene\PointLight.h">
      <Filter>Header Files</Filter>
    </ClInclude>
    <ClInclude Include="Include\Scene\SceneContext.h">
      <Filter>Header Files</Filter>
    </ClInclude>
    <ClInclude Include="Include\Scene\LightManagerSimpleImpl.h">
      <Filter>Header Files</Filter>
    </ClInclude>
    <ClInclude Include="Include\GBufferAlpha.h">
      <Filter>Header Files</Filter>
    </ClInclude>
    <ClInclude Include="Include\ShaderManager.h">
      <Filter>Header Files</Filter>
    </ClInclude>
    <ClInclude Include="Include\Crypto\md5.h">
      <Filter>Header Files</Filter>
    </ClInclude>
    <ClInclude Include="Include\Scene\DirectionLight.h">
      <Filter>Header Files</Filter>
    </ClInclude>
    <ClInclude Include="Include\ShadowBuffer.h">
      <Filter>Header Files</Filter>
    </ClInclude>
    <ClInclude Include="Include\Scene\SceneTransformObject.h">
      <Filter>Header Files</Filter>
    </ClInclude>
    <ClInclude Include="Include\StachosticShadowBuffer.h">
      <Filter>Header Files</Filter>
    </ClInclude>
    <ClInclude Include="Include\Scene\ModelObject.h">
      <Filter>Header Files</Filter>
    </ClInclude>
    <ClInclude Include="Include\Scene\TransparentModelObject.h">
      <Filter>Header Files</Filter>
    </ClInclude>
    <ClInclude Include="Include\Particles\AlphaParticle.h">
      <Filter>Header Files</Filter>
    </ClInclude>
    <ClInclude Include="Include\Properties.h">
      <Filter>Header Files</Filter>
    </ClInclude>
    <ClInclude Include="Include\ApplicationCustom.h">
      <Filter>Header Files</Filter>
    </ClInclude>
    <ClInclude Include="Include\Scene\Scene.h">
      <Filter>Header Files</Filter>
    </ClInclude>
    <ClInclude Include="Include\CustomAlpha\GBufferAbstract.h">
      <Filter>Header Files</Filter>
    </ClInclude>
    <ClInclude Include="Include\CustomAlpha\GBufferCustomAlpha.h">
      <Filter>Header Files</Filter>
    </ClInclude>
    <ClInclude Include="Include\CustomAlpha\GBufferArray.h">
      <Filter>Header Files</Filter>
    </ClInclude>
    <ClInclude Include="Include\ABuffer\AbufferApplication.h">
      <Filter>Header Files</Filter>
    </ClInclude>
    <ClInclude Include="Include\NBuffer\NbufferApplication.h">
      <Filter>Header Files</Filter>
    </ClInclude>
    <ClInclude Include="Include\ApplicationAbstract.h">
      <Filter>Header Files</Filter>
    </ClInclude>
    <ClInclude Include="Include\StachosticTransparencyApplication.h">
      <Filter>Header Files</Filter>
    </ClInclude>
  </ItemGroup>
  <ItemGroup>
    <ClCompile Include="stdafx.cpp">
      <Filter>Source Files</Filter>
    </ClCompile>
    <ClCompile Include="Src\Billboard.cpp">
      <Filter>Source Files</Filter>
    </ClCompile>
    <ClCompile Include="Src\Master3D.cpp">
      <Filter>Source Files</Filter>
    </ClCompile>
    <ClCompile Include="Src\ControllerRec.cpp">
      <Filter>Source Files</Filter>
    </ClCompile>
    <ClCompile Include="Src\Logger.cpp">
      <Filter>Source Files</Filter>
    </ClCompile>
    <ClCompile Include="Src\SkyBox.cpp">
      <Filter>Source Files</Filter>
    </ClCompile>
    <ClCompile Include="Src\WindowGL.cpp">
      <Filter>Source Files</Filter>
    </ClCompile>
    <ClCompile Include="Src\Resources\Material.cpp">
      <Filter>Source Files</Filter>
    </ClCompile>
    <ClCompile Include="Src\Resources\Mesh.cpp">
      <Filter>Source Files\Resources</Filter>
    </ClCompile>
    <ClCompile Include="Src\Resources\ModelLoader.cpp">
      <Filter>Source Files\Resources</Filter>
    </ClCompile>
    <ClCompile Include="Src\Resources\ShaderProgram.cpp">
      <Filter>Source Files\Resources</Filter>
    </ClCompile>
    <ClCompile Include="Src\Resources\Texture.cpp">
      <Filter>Source Files\Resources</Filter>
    </ClCompile>
    <ClCompile Include="Src\Math\Vec.cpp">
      <Filter>Source Files\Math</Filter>
    </ClCompile>
    <ClCompile Include="Src\Math\Quaterion.cpp">
      <Filter>Source Files\Math</Filter>
    </ClCompile>
    <ClCompile Include="Src\Math\Matrix.cpp">
      <Filter>Source Files\Math</Filter>
    </ClCompile>
    <ClCompile Include="Include\Resources\ResourcesManager.cpp">
      <Filter>Source Files</Filter>
    </ClCompile>
    <ClCompile Include="Src\Quad2D.cpp">
      <Filter>Source Files</Filter>
    </ClCompile>
    <ClCompile Include="Src\Particles\ParticleContainer.cpp">
      <Filter>Source Files</Filter>
    </ClCompile>
    <ClCompile Include="Src\GLUtils.cpp">
      <Filter>Source Files</Filter>
    </ClCompile>
    <ClCompile Include="Src\Resources\Texture2D.cpp">
      <Filter>Source Files</Filter>
    </ClCompile>
    <ClCompile Include="Src\Geometry\Plane.cpp">
      <Filter>Source Files</Filter>
    </ClCompile>
    <ClCompile Include="Src\Viewport.cpp">
      <Filter>Source Files</Filter>
    </ClCompile>
    <ClCompile Include="Src\TimeMeausere.cpp">
      <Filter>Header Files</Filter>
    </ClCompile>
    <ClCompile Include="Src\PhongShader.cpp">
      <Filter>Source Files</Filter>
    </ClCompile>
    <ClCompile Include="Src\GBuffer.cpp">
      <Filter>Source Files</Filter>
    </ClCompile>
    <ClCompile Include="Src\Grass\GrassBlade.cpp">
      <Filter>Source Files</Filter>
    </ClCompile>
    <ClCompile Include="Src\Scene\PointLight.cpp">
      <Filter>Source Files</Filter>
    </ClCompile>
    <ClCompile Include="Src\Scene\SceneObject.cpp">
      <Filter>Source Files</Filter>
    </ClCompile>
    <ClCompile Include="Src\Scene\SceneContext.cpp">
      <Filter>Source Files</Filter>
    </ClCompile>
    <ClCompile Include="Src\Scene\LightManagerSimpleImpl.cpp">
      <Filter>Source Files</Filter>
    </ClCompile>
    <ClCompile Include="Src\GBufferAlpha.cpp">
      <Filter>Source Files</Filter>
    </ClCompile>
    <ClCompile Include="Src\ShaderManager.cpp">
      <Filter>Source Files</Filter>
    </ClCompile>
    <ClCompile Include="Src\Crypto\md5.cpp">
      <Filter>Source Files</Filter>
    </ClCompile>
    <ClCompile Include="Src\Scene\DirectionLight.cpp">
      <Filter>Source Files</Filter>
    </ClCompile>
    <ClCompile Include="Src\ShadowBuffer.cpp">
      <Filter>Source Files</Filter>
    </ClCompile>
    <ClCompile Include="Src\SceneTransformObject.cpp">
      <Filter>Source Files</Filter>
    </ClCompile>
    <ClCompile Include="Src\StachosticShadowBuffer.cpp">
      <Filter>Source Files</Filter>
    </ClCompile>
    <ClCompile Include="Src\Scene\ModelObject.cpp">
      <Filter>Source Files</Filter>
    </ClCompile>
    <ClCompile Include="Src\Scene\TransparentModelObject.cpp">
      <Filter>Source Files</Filter>
    </ClCompile>
    <ClCompile Include="Src\Particles\AlphaParticle.cpp">
      <Filter>Source Files</Filter>
    </ClCompile>
    <ClCompile Include="Src\ApplicationCustom.cpp">
      <Filter>Source Files</Filter>
    </ClCompile>
    <ClCompile Include="Src\Scene\Scene.cpp">
      <Filter>Source Files</Filter>
    </ClCompile>
    <ClCompile Include="Src\CustomAlpha\GBufferAbstract.cpp">
      <Filter>Source Files</Filter>
    </ClCompile>
    <ClCompile Include="Src\CustomAlpha\GBufferCustomAlpha.cpp">
      <Filter>Source Files</Filter>
    </ClCompile>
    <ClCompile Include="Src\CustomAlpha\GBufferArray.cpp">
      <Filter>Source Files</Filter>
    </ClCompile>
    <ClCompile Include="Src\Abuffer\AbufferApplication.cpp">
      <Filter>Source Files</Filter>
    </ClCompile>
    <ClCompile Include="Src\Nbuffer\NbufferApplication.cpp">
      <Filter>Source Files</Filter>
    </ClCompile>
    <ClCompile Include="Src\ApplicationAbstract.cpp">
      <Filter>Source Files</Filter>
    </ClCompile>
    <ClCompile Include="Src\StachosticTransparencyApplication.cpp">
      <Filter>Source Files</Filter>
    </ClCompile>
  </ItemGroup>
  <ItemGroup>
    <None Include="packages.config" />
    <None Include="Shaders\phong\light_vert.glsl">
      <Filter>Shaders</Filter>
    </None>
    <None Include="Shaders\phong\light_frag.glsl">
      <Filter>Shaders</Filter>
    </None>
    <None Include="Shaders\deffered\AlphaPassFragm.glsl">
      <Filter>Header Files</Filter>
    </None>
    <None Include="Shaders\deffered\AlphaBckPassFragm.glsl">
      <Filter>Shaders</Filter>
    </None>
    <None Include="Shaders\deffered\AlphaPassVert.glsl">
      <Filter>Shaders</Filter>
    </None>
    <None Include="Shaders\bill_frag.glsl">
      <Filter>Shaders</Filter>
    </None>
    <None Include="Shaders\bill_geom.glsl">
      <Filter>Shaders</Filter>
    </None>
    <None Include="Shaders\bill_vert.glsl">
      <Filter>Shaders</Filter>
    </None>
    <None Include="Shaders\geomFrag.glsl">
      <Filter>Shaders</Filter>
    </None>
    <None Include="Shaders\deffered\GeomPassFragm.glsl">
      <Filter>Shaders</Filter>
    </None>
    <None Include="Shaders\deffered\GeomPassVert.glsl">
      <Filter>Shaders</Filter>
    </None>
    <None Include="Shaders\quad2d_frag.glsl">
      <Filter>Shaders</Filter>
    </None>
    <None Include="Shaders\quad2d_vert.glsl">
      <Filter>Shaders</Filter>
    </None>
    <None Include="Shaders\skybox_frag.glsl">
      <Filter>Shaders</Filter>
    </None>
    <None Include="Shaders\skybox_vert.glsl">
      <Filter>Shaders</Filter>
    </None>
    <None Include="Shaders\shadows\ShadowOpaqVert.glsl" />
    <None Include="Shaders\shadows\ShadowOpaqFragm.glsl" />
    <None Include="Shaders\shadows\ShadowStachosticMergeFastFragm.glsl" />
    <None Include="Shaders\deffered\AlphaPassNoLightFragm.glsl" />
    <None Include="Shaders\particles\particleFrag.glsl" />
    <None Include="Shaders\particles\particleVert.glsl" />
    <None Include="Shaders\particles\particleGeom.glsl" />
    <None Include="Shaders\shadows\randUtil.glsl" />
    <None Include="Shaders\CustomAlpha\CalcMaxMinFrag.glsl" />
    <None Include="Shaders\CustomAlpha\CalcMaxMinVert.glsl" />
    <None Include="Shaders\CustomAlpha\quad2dFrag.glsl" />
    <None Include="Shaders\CustomAlpha\quad2dVert.glsl" />
    <None Include="Shaders\CustomAlpha\multiLayerOutVert.glsl" />
    <None Include="Shaders\CustomAlpha\multiLayerOutFrag.glsl" />
    <None Include="Shaders\CustomAlpha\quad2d_dir_tex_frag.glsl" />
  </ItemGroup>
  <ItemGroup>
    <FxCompile Include="Shaders\geomVert.glsl">
      <Filter>Shaders</Filter>
    </FxCompile>
  </ItemGroup>
</Project>